
Microsoft Visual Studio Solution File, Format Version 12.00
# Visual Studio Version 17
VisualStudioVersion = 17.10.34916.146
MinimumVisualStudioVersion = 10.0.40219.1
Project("{9A19103F-16F7-4668-BE54-9A1E7A4F7556}") = "DotNetLab1-Console", "DotNetLab1-Console\DotNetLab1-Console.csproj", "{D8D9852F-A5E4-4059-9CDB-ED7FD99CE6CD}"
	ProjectSection(ProjectDependencies) = postProject
		{41955EE9-6D43-4847-972A-128DCE9A8260} = {41955EE9-6D43-4847-972A-128DCE9A8260}
	EndProjectSection
EndProject
Project("{9A19103F-16F7-4668-BE54-9A1E7A4F7556}") = "BankomatClassLibrary", "BankomatClassLibrary\BankomatClassLibrary.csproj", "{41955EE9-6D43-4847-972A-128DCE9A8260}"
EndProject
Project("{FAE04EC0-301F-11D3-BF4B-00C04F79EFBC}") = "DotNetLab1_WPF", "DotNetLab1-WPF\DotNetLab1_WPF.csproj", "{2682BAB3-F437-473B-8D4D-21BB77490410}"
EndProject
Global
	GlobalSection(SolutionConfigurationPlatforms) = preSolution
		Debug|Any CPU = Debug|Any CPU
		Release|Any CPU = Release|Any CPU
	EndGlobalSection
	GlobalSection(ProjectConfigurationPlatforms) = postSolution
		{D8D9852F-A5E4-4059-9CDB-ED7FD99CE6CD}.Debug|Any CPU.ActiveCfg = Debug|Any CPU
		{D8D9852F-A5E4-4059-9CDB-ED7FD99CE6CD}.Debug|Any CPU.Build.0 = Debug|Any CPU
		{D8D9852F-A5E4-4059-9CDB-ED7FD99CE6CD}.Release|Any CPU.ActiveCfg = Release|Any CPU
		{D8D9852F-A5E4-4059-9CDB-ED7FD99CE6CD}.Release|Any CPU.Build.0 = Release|Any CPU
		{41955EE9-6D43-4847-972A-128DCE9A8260}.Debug|Any CPU.ActiveCfg = Debug|Any CPU
		{41955EE9-6D43-4847-972A-128DCE9A8260}.Debug|Any CPU.Build.0 = Debug|Any CPU
		{41955EE9-6D43-4847-972A-128DCE9A8260}.Release|Any CPU.ActiveCfg = Release|Any CPU
		{41955EE9-6D43-4847-972A-128DCE9A8260}.Release|Any CPU.Build.0 = Release|Any CPU
		{2682BAB3-F437-473B-8D4D-21BB77490410}.Debug|Any CPU.ActiveCfg = Debug|Any CPU
		{2682BAB3-F437-473B-8D4D-21BB77490410}.Debug|Any CPU.Build.0 = Debug|Any CPU
		{2682BAB3-F437-473B-8D4D-21BB77490410}.Release|Any CPU.ActiveCfg = Release|Any CPU
		{2682BAB3-F437-473B-8D4D-21BB77490410}.Release|Any CPU.Build.0 = Release|Any CPU
	EndGlobalSection
	GlobalSection(SolutionProperties) = preSolution
		HideSolutionNode = FALSE
	EndGlobalSection
	GlobalSection(ExtensibilityGlobals) = postSolution
		SolutionGuid = {209EFB4A-1DE2-43F7-95C0-4E1419A65E91}
	EndGlobalSection
EndGlobal
